// !$*UTF8*$!
{
	archiveVersion = 1;
	classes = {
	};
	objectVersion = 56;
	objects = {

/* Begin PBXBuildFile section */
		4C0AA1CC2900433B006E363F /* Styles.swift in Sources */ = {isa = PBXBuildFile; fileRef = 4C0AA1CB2900433B006E363F /* Styles.swift */; };
		4C19E0C3290BDF8C00F31546 /* FeaturedItem.swift in Sources */ = {isa = PBXBuildFile; fileRef = 4C19E0C2290BDF8C00F31546 /* FeaturedItem.swift */; };
		4C19E0C5290BF7D300F31546 /* PreferenceKeys.swift in Sources */ = {isa = PBXBuildFile; fileRef = 4C19E0C4290BF7D300F31546 /* PreferenceKeys.swift */; };
		4C4BBD912901489D00A70B7E /* AccountView.swift in Sources */ = {isa = PBXBuildFile; fileRef = 4C4BBD902901489D00A70B7E /* AccountView.swift */; };
		4C68BA8E291D46C800EFFCEC /* CourseItem.swift in Sources */ = {isa = PBXBuildFile; fileRef = 4C68BA8D291D46C800EFFCEC /* CourseItem.swift */; };
		4C68BA90291D480300EFFCEC /* CourseView.swift in Sources */ = {isa = PBXBuildFile; fileRef = 4C68BA8F291D480300EFFCEC /* CourseView.swift */; };
		4C73817D291272C900148871 /* Course.swift in Sources */ = {isa = PBXBuildFile; fileRef = 4C73817C291272C900148871 /* Course.swift */; };
		4CC7B10C291BDE17002793FA /* MatchedView.swift in Sources */ = {isa = PBXBuildFile; fileRef = 4CC7B10B291BDE17002793FA /* MatchedView.swift */; };
		4CCA872A29092CD300F8951D /* HomeView.swift in Sources */ = {isa = PBXBuildFile; fileRef = 4CCA872929092CD300F8951D /* HomeView.swift */; };
		4CCA8733290977A500F8951D /* NavigationBar.swift in Sources */ = {isa = PBXBuildFile; fileRef = 4CCA8732290977A500F8951D /* NavigationBar.swift */; };
		4CCCD44B2902AD96005C6519 /* HexagonView.swift in Sources */ = {isa = PBXBuildFile; fileRef = 4CCCD44A2902AD96005C6519 /* HexagonView.swift */; };
		4CCCD44D2902BA97005C6519 /* BlobView.swift in Sources */ = {isa = PBXBuildFile; fileRef = 4CCCD44C2902BA97005C6519 /* BlobView.swift */; };
		4CEA98762906B6BE00DFD1A4 /* TabBar.swift in Sources */ = {isa = PBXBuildFile; fileRef = 4CEA98752906B6BE00DFD1A4 /* TabBar.swift */; };
		4CEB9398290FF1EA00F49B6B /* AnimatableFontModifier.swift in Sources */ = {isa = PBXBuildFile; fileRef = 4CEB9397290FF1EA00F49B6B /* AnimatableFontModifier.swift */; };
		4CEF9E0028FEF04500FCA48A /* DesignCodeIOS15App.swift in Sources */ = {isa = PBXBuildFile; fileRef = 4CEF9DFF28FEF04500FCA48A /* DesignCodeIOS15App.swift */; };
		4CEF9E0228FEF04500FCA48A /* ContentView.swift in Sources */ = {isa = PBXBuildFile; fileRef = 4CEF9E0128FEF04500FCA48A /* ContentView.swift */; };
		4CEF9E0428FEF04500FCA48A /* Assets.xcassets in Resources */ = {isa = PBXBuildFile; fileRef = 4CEF9E0328FEF04500FCA48A /* Assets.xcassets */; };
		4CEF9E0728FEF04500FCA48A /* Preview Assets.xcassets in Resources */ = {isa = PBXBuildFile; fileRef = 4CEF9E0628FEF04500FCA48A /* Preview Assets.xcassets */; };
		4CEF9E0E28FFDE6100FCA48A /* DesignCodeIOS15.xcodeproj in Resources */ = {isa = PBXBuildFile; fileRef = 4CEF9E0D28FFDE6100FCA48A /* DesignCodeIOS15.xcodeproj */; };
		4CFF42102907C6E3004D2040 /* Tab.swift in Sources */ = {isa = PBXBuildFile; fileRef = 4CFF420F2907C6E3004D2040 /* Tab.swift */; };
/* End PBXBuildFile section */

/* Begin PBXFileReference section */
		4C0AA1CB2900433B006E363F /* Styles.swift */ = {isa = PBXFileReference; lastKnownFileType = sourcecode.swift; path = Styles.swift; sourceTree = "<group>"; };
		4C19E0C2290BDF8C00F31546 /* FeaturedItem.swift */ = {isa = PBXFileReference; lastKnownFileType = sourcecode.swift; path = FeaturedItem.swift; sourceTree = "<group>"; };
		4C19E0C4290BF7D300F31546 /* PreferenceKeys.swift */ = {isa = PBXFileReference; lastKnownFileType = sourcecode.swift; path = PreferenceKeys.swift; sourceTree = "<group>"; };
		4C4BBD902901489D00A70B7E /* AccountView.swift */ = {isa = PBXFileReference; lastKnownFileType = sourcecode.swift; path = AccountView.swift; sourceTree = "<group>"; usesTabs = 0; };
		4C68BA8D291D46C800EFFCEC /* CourseItem.swift */ = {isa = PBXFileReference; lastKnownFileType = sourcecode.swift; path = CourseItem.swift; sourceTree = "<group>"; };
		4C68BA8F291D480300EFFCEC /* CourseView.swift */ = {isa = PBXFileReference; lastKnownFileType = sourcecode.swift; path = CourseView.swift; sourceTree = "<group>"; };
		4C73817C291272C900148871 /* Course.swift */ = {isa = PBXFileReference; lastKnownFileType = sourcecode.swift; path = Course.swift; sourceTree = "<group>"; };
		4CC7B10B291BDE17002793FA /* MatchedView.swift */ = {isa = PBXFileReference; lastKnownFileType = sourcecode.swift; path = MatchedView.swift; sourceTree = "<group>"; };
		4CCA872929092CD300F8951D /* HomeView.swift */ = {isa = PBXFileReference; lastKnownFileType = sourcecode.swift; path = HomeView.swift; sourceTree = "<group>"; };
		4CCA8732290977A500F8951D /* NavigationBar.swift */ = {isa = PBXFileReference; lastKnownFileType = sourcecode.swift; path = NavigationBar.swift; sourceTree = "<group>"; };
		4CCCD44A2902AD96005C6519 /* HexagonView.swift */ = {isa = PBXFileReference; lastKnownFileType = sourcecode.swift; path = HexagonView.swift; sourceTree = "<group>"; };
		4CCCD44C2902BA97005C6519 /* BlobView.swift */ = {isa = PBXFileReference; lastKnownFileType = sourcecode.swift; path = BlobView.swift; sourceTree = "<group>"; };
		4CEA98752906B6BE00DFD1A4 /* TabBar.swift */ = {isa = PBXFileReference; lastKnownFileType = sourcecode.swift; path = TabBar.swift; sourceTree = "<group>"; };
		4CEB9397290FF1EA00F49B6B /* AnimatableFontModifier.swift */ = {isa = PBXFileReference; lastKnownFileType = sourcecode.swift; path = AnimatableFontModifier.swift; sourceTree = "<group>"; };
		4CEF9DFC28FEF04500FCA48A /* DesignCodeIOS15.app */ = {isa = PBXFileReference; explicitFileType = wrapper.application; includeInIndex = 0; path = DesignCodeIOS15.app; sourceTree = BUILT_PRODUCTS_DIR; };
		4CEF9DFF28FEF04500FCA48A /* DesignCodeIOS15App.swift */ = {isa = PBXFileReference; lastKnownFileType = sourcecode.swift; path = DesignCodeIOS15App.swift; sourceTree = "<group>"; };
		4CEF9E0128FEF04500FCA48A /* ContentView.swift */ = {isa = PBXFileReference; lastKnownFileType = sourcecode.swift; path = ContentView.swift; sourceTree = "<group>"; };
		4CEF9E0328FEF04500FCA48A /* Assets.xcassets */ = {isa = PBXFileReference; lastKnownFileType = folder.assetcatalog; path = Assets.xcassets; sourceTree = "<group>"; };
		4CEF9E0628FEF04500FCA48A /* Preview Assets.xcassets */ = {isa = PBXFileReference; lastKnownFileType = folder.assetcatalog; path = "Preview Assets.xcassets"; sourceTree = "<group>"; };
		4CEF9E0D28FFDE6100FCA48A /* DesignCodeIOS15.xcodeproj */ = {isa = PBXFileReference; lastKnownFileType = "wrapper.pb-project"; name = DesignCodeIOS15.xcodeproj; path = ../DesignCodeIOS15.xcodeproj; sourceTree = "<group>"; };
		4CFF420F2907C6E3004D2040 /* Tab.swift */ = {isa = PBXFileReference; lastKnownFileType = sourcecode.swift; path = Tab.swift; sourceTree = "<group>"; };
/* End PBXFileReference section */

/* Begin PBXFrameworksBuildPhase section */
		4CEF9DF928FEF04500FCA48A /* Frameworks */ = {
			isa = PBXFrameworksBuildPhase;
			buildActionMask = 2147483647;
			files = (
			);
			runOnlyForDeploymentPostprocessing = 0;
		};
/* End PBXFrameworksBuildPhase section */

/* Begin PBXGroup section */
		4C4BBD8E2901209300A70B7E /* Products */ = {
			isa = PBXGroup;
			name = Products;
			sourceTree = "<group>";
		};
		4CCA872B2909317200F8951D /* Navigation */ = {
			isa = PBXGroup;
			children = (
				4CEF9E0128FEF04500FCA48A /* ContentView.swift */,
				4CEA98752906B6BE00DFD1A4 /* TabBar.swift */,
				4CCA8732290977A500F8951D /* NavigationBar.swift */,
			);
			path = Navigation;
			sourceTree = "<group>";
		};
		4CCA872C290931E900F8951D /* Views */ = {
			isa = PBXGroup;
			children = (
				4CCA872929092CD300F8951D /* HomeView.swift */,
				4C4BBD902901489D00A70B7E /* AccountView.swift */,
				4CC7B10B291BDE17002793FA /* MatchedView.swift */,
				4C68BA8F291D480300EFFCEC /* CourseView.swift */,
			);
			path = Views;
			sourceTree = "<group>";
		};
		4CCA872D2909322800F8951D /* Components */ = {
			isa = PBXGroup;
			children = (
				4CCCD44A2902AD96005C6519 /* HexagonView.swift */,
				4CCCD44C2902BA97005C6519 /* BlobView.swift */,
				4C19E0C2290BDF8C00F31546 /* FeaturedItem.swift */,
				4C68BA8D291D46C800EFFCEC /* CourseItem.swift */,
			);
			path = Components;
			sourceTree = "<group>";
		};
		4CCA872E2909324C00F8951D /* Model */ = {
			isa = PBXGroup;
			children = (
				4CFF420F2907C6E3004D2040 /* Tab.swift */,
				4C19E0C4290BF7D300F31546 /* PreferenceKeys.swift */,
				4C73817C291272C900148871 /* Course.swift */,
			);
			path = Model;
			sourceTree = "<group>";
		};
		4CCA872F2909335100F8951D /* Styles */ = {
			isa = PBXGroup;
			children = (
				4C0AA1CB2900433B006E363F /* Styles.swift */,
				4CEB9397290FF1EA00F49B6B /* AnimatableFontModifier.swift */,
			);
			path = Styles;
			sourceTree = "<group>";
		};
		4CEF9DF328FEF04500FCA48A = {
			isa = PBXGroup;
			children = (
				4CEF9DFE28FEF04500FCA48A /* DesignCodeIOS15 */,
				4CEF9DFD28FEF04500FCA48A /* Products */,
			);
			sourceTree = "<group>";
			usesTabs = 0;
		};
		4CEF9DFD28FEF04500FCA48A /* Products */ = {
			isa = PBXGroup;
			children = (
				4CEF9DFC28FEF04500FCA48A /* DesignCodeIOS15.app */,
			);
			name = Products;
			sourceTree = "<group>";
		};
		4CEF9DFE28FEF04500FCA48A /* DesignCodeIOS15 */ = {
			isa = PBXGroup;
			children = (
				4CEF9DFF28FEF04500FCA48A /* DesignCodeIOS15App.swift */,
				4CCA872B2909317200F8951D /* Navigation */,
				4CCA872C290931E900F8951D /* Views */,
				4CCA872D2909322800F8951D /* Components */,
				4CCA872E2909324C00F8951D /* Model */,
				4CCA872F2909335100F8951D /* Styles */,
				4CEF9E0328FEF04500FCA48A /* Assets.xcassets */,
				4CEF9E0D28FFDE6100FCA48A /* DesignCodeIOS15.xcodeproj */,
				4CEF9E0528FEF04500FCA48A /* Preview Content */,
			);
			path = DesignCodeIOS15;
			sourceTree = "<group>";
		};
		4CEF9E0528FEF04500FCA48A /* Preview Content */ = {
			isa = PBXGroup;
			children = (
				4CEF9E0628FEF04500FCA48A /* Preview Assets.xcassets */,
			);
			path = "Preview Content";
			sourceTree = "<group>";
		};
/* End PBXGroup section */

/* Begin PBXNativeTarget section */
		4CEF9DFB28FEF04500FCA48A /* DesignCodeIOS15 */ = {
			isa = PBXNativeTarget;
			buildConfigurationList = 4CEF9E0A28FEF04500FCA48A /* Build configuration list for PBXNativeTarget "DesignCodeIOS15" */;
			buildPhases = (
				4CEF9DF828FEF04500FCA48A /* Sources */,
				4CEF9DF928FEF04500FCA48A /* Frameworks */,
				4CEF9DFA28FEF04500FCA48A /* Resources */,
			);
			buildRules = (
			);
			dependencies = (
			);
			name = DesignCodeIOS15;
			productName = DesignCodeIOS15;
			productReference = 4CEF9DFC28FEF04500FCA48A /* DesignCodeIOS15.app */;
			productType = "com.apple.product-type.application";
		};
/* End PBXNativeTarget section */

/* Begin PBXProject section */
		4CEF9DF428FEF04500FCA48A /* Project object */ = {
			isa = PBXProject;
			attributes = {
				BuildIndependentTargetsInParallel = 1;
				LastSwiftUpdateCheck = 1400;
				LastUpgradeCheck = 1400;
				TargetAttributes = {
					4CEF9DFB28FEF04500FCA48A = {
						CreatedOnToolsVersion = 14.0.1;
					};
				};
			};
			buildConfigurationList = 4CEF9DF728FEF04500FCA48A /* Build configuration list for PBXProject "DesignCodeIOS15" */;
			compatibilityVersion = "Xcode 14.0";
			developmentRegion = en;
			hasScannedForEncodings = 0;
			knownRegions = (
				en,
				Base,
			);
			mainGroup = 4CEF9DF328FEF04500FCA48A;
			productRefGroup = 4CEF9DFD28FEF04500FCA48A /* Products */;
			projectDirPath = "";
			projectReferences = (
				{
					ProductGroup = 4C4BBD8E2901209300A70B7E /* Products */;
					ProjectRef = 4CEF9E0D28FFDE6100FCA48A /* DesignCodeIOS15.xcodeproj */;
				},
			);
			projectRoot = "";
			targets = (
				4CEF9DFB28FEF04500FCA48A /* DesignCodeIOS15 */,
			);
		};
/* End PBXProject section */

/* Begin PBXResourcesBuildPhase section */
		4CEF9DFA28FEF04500FCA48A /* Resources */ = {
			isa = PBXResourcesBuildPhase;
			buildActionMask = 2147483647;
			files = (
				4CEF9E0728FEF04500FCA48A /* Preview Assets.xcassets in Resources */,
				4CEF9E0428FEF04500FCA48A /* Assets.xcassets in Resources */,
				4CEF9E0E28FFDE6100FCA48A /* DesignCodeIOS15.xcodeproj in Resources */,
			);
			runOnlyForDeploymentPostprocessing = 0;
		};
/* End PBXResourcesBuildPhase section */

/* Begin PBXSourcesBuildPhase section */
		4CEF9DF828FEF04500FCA48A /* Sources */ = {
			isa = PBXSourcesBuildPhase;
			buildActionMask = 2147483647;
			files = (
				4CCA872A29092CD300F8951D /* HomeView.swift in Sources */,
				4C4BBD912901489D00A70B7E /* AccountView.swift in Sources */,
				4C68BA90291D480300EFFCEC /* CourseView.swift in Sources */,
				4CCCD44B2902AD96005C6519 /* HexagonView.swift in Sources */,
				4C0AA1CC2900433B006E363F /* Styles.swift in Sources */,
				4CC7B10C291BDE17002793FA /* MatchedView.swift in Sources */,
				4CFF42102907C6E3004D2040 /* Tab.swift in Sources */,
				4CCA8733290977A500F8951D /* NavigationBar.swift in Sources */,
				4C19E0C3290BDF8C00F31546 /* FeaturedItem.swift in Sources */,
				4CCCD44D2902BA97005C6519 /* BlobView.swift in Sources */,
				4C73817D291272C900148871 /* Course.swift in Sources */,
				4CEF9E0228FEF04500FCA48A /* ContentView.swift in Sources */,
				4C68BA8E291D46C800EFFCEC /* CourseItem.swift in Sources */,
				4CEF9E0028FEF04500FCA48A /* DesignCodeIOS15App.swift in Sources */,
				4C19E0C5290BF7D300F31546 /* PreferenceKeys.swift in Sources */,
				4CEA98762906B6BE00DFD1A4 /* TabBar.swift in Sources */,
				4CEB9398290FF1EA00F49B6B /* AnimatableFontModifier.swift in Sources */,
			);
			runOnlyForDeploymentPostprocessing = 0;
		};
/* End PBXSourcesBuildPhase section */

/* Begin XCBuildConfiguration section */
		4CEF9E0828FEF04500FCA48A /* Debug */ = {
			isa = XCBuildConfiguration;
			buildSettings = {
				ALWAYS_SEARCH_USER_PATHS = NO;
				CLANG_ANALYZER_NONNULL = YES;
				CLANG_ANALYZER_NUMBER_OBJECT_CONVERSION = YES_AGGRESSIVE;
				CLANG_CXX_LANGUAGE_STANDARD = "gnu++20";
				CLANG_ENABLE_MODULES = YES;
				CLANG_ENABLE_OBJC_ARC = YES;
				CLANG_ENABLE_OBJC_WEAK = YES;
				CLANG_WARN_BLOCK_CAPTURE_AUTORELEASING = YES;
				CLANG_WARN_BOOL_CONVERSION = YES;
				CLANG_WARN_COMMA = YES;
				CLANG_WARN_CONSTANT_CONVERSION = YES;
				CLANG_WARN_DEPRECATED_OBJC_IMPLEMENTATIONS = YES;
				CLANG_WARN_DIRECT_OBJC_ISA_USAGE = YES_ERROR;
				CLANG_WARN_DOCUMENTATION_COMMENTS = YES;
				CLANG_WARN_EMPTY_BODY = YES;
				CLANG_WARN_ENUM_CONVERSION = YES;
				CLANG_WARN_INFINITE_RECURSION = YES;
				CLANG_WARN_INT_CONVERSION = YES;
				CLANG_WARN_NON_LITERAL_NULL_CONVERSION = YES;
				CLANG_WARN_OBJC_IMPLICIT_RETAIN_SELF = YES;
				CLANG_WARN_OBJC_LITERAL_CONVERSION = YES;
				CLANG_WARN_OBJC_ROOT_CLASS = YES_ERROR;
				CLANG_WARN_QUOTED_INCLUDE_IN_FRAMEWORK_HEADER = YES;
				CLANG_WARN_RANGE_LOOP_ANALYSIS = YES;
				CLANG_WARN_STRICT_PROTOTYPES = YES;
				CLANG_WARN_SUSPICIOUS_MOVE = YES;
				CLANG_WARN_UNGUARDED_AVAILABILITY = YES_AGGRESSIVE;
				CLANG_WARN_UNREACHABLE_CODE = YES;
				CLANG_WARN__DUPLICATE_METHOD_MATCH = YES;
				COPY_PHASE_STRIP = NO;
				DEBUG_INFORMATION_FORMAT = dwarf;
				ENABLE_STRICT_OBJC_MSGSEND = YES;
				ENABLE_TESTABILITY = YES;
				GCC_C_LANGUAGE_STANDARD = gnu11;
				GCC_DYNAMIC_NO_PIC = NO;
				GCC_NO_COMMON_BLOCKS = YES;
				GCC_OPTIMIZATION_LEVEL = 0;
				GCC_PREPROCESSOR_DEFINITIONS = (
					"DEBUG=1",
					"$(inherited)",
				);
				GCC_WARN_64_TO_32_BIT_CONVERSION = YES;
				GCC_WARN_ABOUT_RETURN_TYPE = YES_ERROR;
				GCC_WARN_UNDECLARED_SELECTOR = YES;
				GCC_WARN_UNINITIALIZED_AUTOS = YES_AGGRESSIVE;
				GCC_WARN_UNUSED_FUNCTION = YES;
				GCC_WARN_UNUSED_VARIABLE = YES;
				IPHONEOS_DEPLOYMENT_TARGET = 16.0;
				MTL_ENABLE_DEBUG_INFO = INCLUDE_SOURCE;
				MTL_FAST_MATH = YES;
				ONLY_ACTIVE_ARCH = YES;
				SDKROOT = iphoneos;
				SWIFT_ACTIVE_COMPILATION_CONDITIONS = DEBUG;
				SWIFT_OPTIMIZATION_LEVEL = "-Onone";
			};
			name = Debug;
		};
		4CEF9E0928FEF04500FCA48A /* Release */ = {
			isa = XCBuildConfiguration;
			buildSettings = {
				ALWAYS_SEARCH_USER_PATHS = NO;
				CLANG_ANALYZER_NONNULL = YES;
				CLANG_ANALYZER_NUMBER_OBJECT_CONVERSION = YES_AGGRESSIVE;
				CLANG_CXX_LANGUAGE_STANDARD = "gnu++20";
				CLANG_ENABLE_MODULES = YES;
				CLANG_ENABLE_OBJC_ARC = YES;
				CLANG_ENABLE_OBJC_WEAK = YES;
				CLANG_WARN_BLOCK_CAPTURE_AUTORELEASING = YES;
				CLANG_WARN_BOOL_CONVERSION = YES;
				CLANG_WARN_COMMA = YES;
				CLANG_WARN_CONSTANT_CONVERSION = YES;
				CLANG_WARN_DEPRECATED_OBJC_IMPLEMENTATIONS = YES;
				CLANG_WARN_DIRECT_OBJC_ISA_USAGE = YES_ERROR;
				CLANG_WARN_DOCUMENTATION_COMMENTS = YES;
				CLANG_WARN_EMPTY_BODY = YES;
				CLANG_WARN_ENUM_CONVERSION = YES;
				CLANG_WARN_INFINITE_RECURSION = YES;
				CLANG_WARN_INT_CONVERSION = YES;
				CLANG_WARN_NON_LITERAL_NULL_CONVERSION = YES;
				CLANG_WARN_OBJC_IMPLICIT_RETAIN_SELF = YES;
				CLANG_WARN_OBJC_LITERAL_CONVERSION = YES;
				CLANG_WARN_OBJC_ROOT_CLASS = YES_ERROR;
				CLANG_WARN_QUOTED_INCLUDE_IN_FRAMEWORK_HEADER = YES;
				CLANG_WARN_RANGE_LOOP_ANALYSIS = YES;
				CLANG_WARN_STRICT_PROTOTYPES = YES;
				CLANG_WARN_SUSPICIOUS_MOVE = YES;
				CLANG_WARN_UNGUARDED_AVAILABILITY = YES_AGGRESSIVE;
				CLANG_WARN_UNREACHABLE_CODE = YES;
				CLANG_WARN__DUPLICATE_METHOD_MATCH = YES;
				COPY_PHASE_STRIP = NO;
				DEBUG_INFORMATION_FORMAT = "dwarf-with-dsym";
				ENABLE_NS_ASSERTIONS = NO;
				ENABLE_STRICT_OBJC_MSGSEND = YES;
				GCC_C_LANGUAGE_STANDARD = gnu11;
				GCC_NO_COMMON_BLOCKS = YES;
				GCC_WARN_64_TO_32_BIT_CONVERSION = YES;
				GCC_WARN_ABOUT_RETURN_TYPE = YES_ERROR;
				GCC_WARN_UNDECLARED_SELECTOR = YES;
				GCC_WARN_UNINITIALIZED_AUTOS = YES_AGGRESSIVE;
				GCC_WARN_UNUSED_FUNCTION = YES;
				GCC_WARN_UNUSED_VARIABLE = YES;
				IPHONEOS_DEPLOYMENT_TARGET = 16.0;
				MTL_ENABLE_DEBUG_INFO = NO;
				MTL_FAST_MATH = YES;
				ONLY_ACTIVE_ARCH = YES;
				SDKROOT = iphoneos;
				SWIFT_COMPILATION_MODE = wholemodule;
				SWIFT_OPTIMIZATION_LEVEL = "-O";
				VALIDATE_PRODUCT = YES;
			};
			name = Release;
		};
		4CEF9E0B28FEF04500FCA48A /* Debug */ = {
			isa = XCBuildConfiguration;
			buildSettings = {
				ASSETCATALOG_COMPILER_APPICON_NAME = AppIcon;
				ASSETCATALOG_COMPILER_GLOBAL_ACCENT_COLOR_NAME = AccentColor;
				CODE_SIGN_STYLE = Automatic;
				CURRENT_PROJECT_VERSION = 1;
				DEVELOPMENT_ASSET_PATHS = "\"DesignCodeIOS15/Preview Content\"";
				DEVELOPMENT_TEAM = JUPN75ZH2F;
				ENABLE_PREVIEWS = YES;
				GENERATE_INFOPLIST_FILE = YES;
				INFOPLIST_KEY_UIApplicationSceneManifest_Generation = YES;
				INFOPLIST_KEY_UIApplicationSupportsIndirectInputEvents = YES;
				INFOPLIST_KEY_UILaunchScreen_Generation = YES;
				INFOPLIST_KEY_UISupportedInterfaceOrientations_iPad = "UIInterfaceOrientationPortrait UIInterfaceOrientationPortraitUpsideDown UIInterfaceOrientationLandscapeLeft UIInterfaceOrientationLandscapeRight";
				INFOPLIST_KEY_UISupportedInterfaceOrientations_iPhone = "UIInterfaceOrientationPortrait UIInterfaceOrientationLandscapeLeft UIInterfaceOrientationLandscapeRight";
				IPHONEOS_DEPLOYMENT_TARGET = 16.0;
				LD_RUNPATH_SEARCH_PATHS = (
					"$(inherited)",
					"@executable_path/Frameworks",
				);
				MARKETING_VERSION = 1.0;
				PRODUCT_BUNDLE_IDENTIFIER = ISITLab.DesignCodeIOS15;
				PRODUCT_NAME = "$(TARGET_NAME)";
				SUPPORTED_PLATFORMS = "iphoneos iphonesimulator macosx";
				SUPPORTS_MACCATALYST = NO;
				SUPPORTS_MAC_DESIGNED_FOR_IPHONE_IPAD = NO;
				SWIFT_EMIT_LOC_STRINGS = YES;
				SWIFT_VERSION = 5.0;
				TARGETED_DEVICE_FAMILY = "1,2";
			};
			name = Debug;
		};
		4CEF9E0C28FEF04500FCA48A /* Release */ = {
			isa = XCBuildConfiguration;
			buildSettings = {
				ASSETCATALOG_COMPILER_APPICON_NAME = AppIcon;
				ASSETCATALOG_COMPILER_GLOBAL_ACCENT_COLOR_NAME = AccentColor;
				CODE_SIGN_STYLE = Automatic;
				CURRENT_PROJECT_VERSION = 1;
				DEVELOPMENT_ASSET_PATHS = "\"DesignCodeIOS15/Preview Content\"";
				DEVELOPMENT_TEAM = JUPN75ZH2F;
				ENABLE_PREVIEWS = YES;
				GENERATE_INFOPLIST_FILE = YES;
				INFOPLIST_KEY_UIApplicationSceneManifest_Generation = YES;
				INFOPLIST_KEY_UIApplicationSupportsIndirectInputEvents = YES;
				INFOPLIST_KEY_UILaunchScreen_Generation = YES;
				INFOPLIST_KEY_UISupportedInterfaceOrientations_iPad = "UIInterfaceOrientationPortrait UIInterfaceOrientationPortraitUpsideDown UIInterfaceOrientationLandscapeLeft UIInterfaceOrientationLandscapeRight";
				INFOPLIST_KEY_UISupportedInterfaceOrientations_iPhone = "UIInterfaceOrientationPortrait UIInterfaceOrientationLandscapeLeft UIInterfaceOrientationLandscapeRight";
				IPHONEOS_DEPLOYMENT_TARGET = 16.0;
				LD_RUNPATH_SEARCH_PATHS = (
					"$(inherited)",
					"@executable_path/Frameworks",
				);
				MARKETING_VERSION = 1.0;
				PRODUCT_BUNDLE_IDENTIFIER = ISITLab.DesignCodeIOS15;
				PRODUCT_NAME = "$(TARGET_NAME)";
				SUPPORTED_PLATFORMS = "iphoneos iphonesimulator macosx";
				SUPPORTS_MACCATALYST = NO;
				SUPPORTS_MAC_DESIGNED_FOR_IPHONE_IPAD = NO;
				SWIFT_EMIT_LOC_STRINGS = YES;
				SWIFT_VERSION = 5.0;
				TARGETED_DEVICE_FAMILY = "1,2";
			};
			name = Release;
		};
/* End XCBuildConfiguration section */

/* Begin XCConfigurationList section */
		4CEF9DF728FEF04500FCA48A /* Build configuration list for PBXProject "DesignCodeIOS15" */ = {
			isa = XCConfigurationList;
			buildConfigurations = (
				4CEF9E0828FEF04500FCA48A /* Debug */,
				4CEF9E0928FEF04500FCA48A /* Release */,
			);
			defaultConfigurationIsVisible = 0;
			defaultConfigurationName = Release;
		};
		4CEF9E0A28FEF04500FCA48A /* Build configuration list for PBXNativeTarget "DesignCodeIOS15" */ = {
			isa = XCConfigurationList;
			buildConfigurations = (
				4CEF9E0B28FEF04500FCA48A /* Debug */,
				4CEF9E0C28FEF04500FCA48A /* Release */,
			);
			defaultConfigurationIsVisible = 0;
			defaultConfigurationName = Release;
		};
/* End XCConfigurationList section */
	};
	rootObject = 4CEF9DF428FEF04500FCA48A /* Project object */;
}
